
Microsoft Visual Studio Solution File, Format Version 12.00
# Visual Studio Version 17
VisualStudioVersion = 17.2.32526.322
MinimumVisualStudioVersion = 10.0.40219.1
Project("{2150E333-8FDC-42A3-9474-1A3956D46DE8}") = "src", "src", "{86271D3D-7C99-4F58-B755-0FE066309E53}"
EndProject
Project("{9A19103F-16F7-4668-BE54-9A1E7A4F7556}") = "LiteAbp.Application", "src\LiteAbp.Application\LiteAbp.Application.csproj", "{833C887D-9EE5-4FB9-9CDA-1F569752F852}"
EndProject
Project("{9A19103F-16F7-4668-BE54-9A1E7A4F7556}") = "LiteAbp.Domain", "src\LiteAbp.Domain\LiteAbp.Domain.csproj", "{4BC46451-0D2F-417A-9CE6-10EA0B1C3958}"
EndProject
Project("{9A19103F-16F7-4668-BE54-9A1E7A4F7556}") = "LiteAbp.Infrastructure", "src\LiteAbp.Infrastructure\LiteAbp.Infrastructure.csproj", "{AD13A6C8-C2BB-43EF-8A31-65F172A17AA2}"
EndProject
Project("{9A19103F-16F7-4668-BE54-9A1E7A4F7556}") = "LiteAbp.Api", "src\LiteAbp.Api\LiteAbp.Api.csproj", "{27A5667D-36E9-4576-A391-B49D95206C7C}"
EndProject
Global
	GlobalSection(SolutionConfigurationPlatforms) = preSolution
		Debug|Any CPU = Debug|Any CPU
		Release|Any CPU = Release|Any CPU
	EndGlobalSection
	GlobalSection(ProjectConfigurationPlatforms) = postSolution
		{833C887D-9EE5-4FB9-9CDA-1F569752F852}.Debug|Any CPU.ActiveCfg = Debug|Any CPU
		{833C887D-9EE5-4FB9-9CDA-1F569752F852}.Debug|Any CPU.Build.0 = Debug|Any CPU
		{833C887D-9EE5-4FB9-9CDA-1F569752F852}.Release|Any CPU.ActiveCfg = Release|Any CPU
		{833C887D-9EE5-4FB9-9CDA-1F569752F852}.Release|Any CPU.Build.0 = Release|Any CPU
		{4BC46451-0D2F-417A-9CE6-10EA0B1C3958}.Debug|Any CPU.ActiveCfg = Debug|Any CPU
		{4BC46451-0D2F-417A-9CE6-10EA0B1C3958}.Debug|Any CPU.Build.0 = Debug|Any CPU
		{4BC46451-0D2F-417A-9CE6-10EA0B1C3958}.Release|Any CPU.ActiveCfg = Release|Any CPU
		{4BC46451-0D2F-417A-9CE6-10EA0B1C3958}.Release|Any CPU.Build.0 = Release|Any CPU
		{AD13A6C8-C2BB-43EF-8A31-65F172A17AA2}.Debug|Any CPU.ActiveCfg = Debug|Any CPU
		{AD13A6C8-C2BB-43EF-8A31-65F172A17AA2}.Debug|Any CPU.Build.0 = Debug|Any CPU
		{AD13A6C8-C2BB-43EF-8A31-65F172A17AA2}.Release|Any CPU.ActiveCfg = Release|Any CPU
		{AD13A6C8-C2BB-43EF-8A31-65F172A17AA2}.Release|Any CPU.Build.0 = Release|Any CPU
		{27A5667D-36E9-4576-A391-B49D95206C7C}.Debug|Any CPU.ActiveCfg = Debug|Any CPU
		{27A5667D-36E9-4576-A391-B49D95206C7C}.Debug|Any CPU.Build.0 = Debug|Any CPU
		{27A5667D-36E9-4576-A391-B49D95206C7C}.Release|Any CPU.ActiveCfg = Release|Any CPU
		{27A5667D-36E9-4576-A391-B49D95206C7C}.Release|Any CPU.Build.0 = Release|Any CPU
	EndGlobalSection
	GlobalSection(SolutionProperties) = preSolution
		HideSolutionNode = FALSE
	EndGlobalSection
	GlobalSection(NestedProjects) = preSolution
		{833C887D-9EE5-4FB9-9CDA-1F569752F852} = {86271D3D-7C99-4F58-B755-0FE066309E53}
		{4BC46451-0D2F-417A-9CE6-10EA0B1C3958} = {86271D3D-7C99-4F58-B755-0FE066309E53}
		{AD13A6C8-C2BB-43EF-8A31-65F172A17AA2} = {86271D3D-7C99-4F58-B755-0FE066309E53}
		{27A5667D-36E9-4576-A391-B49D95206C7C} = {86271D3D-7C99-4F58-B755-0FE066309E53}
	EndGlobalSection
	GlobalSection(ExtensibilityGlobals) = postSolution
		SolutionGuid = {73B268E5-4273-46DD-9C3F-DCF25C565DA6}
	EndGlobalSection
EndGlobal
